
Microsoft Visual Studio Solution File, Format Version 12.00
# Visual Studio Version 16
VisualStudioVersion = 16.0.30503.244
MinimumVisualStudioVersion = 10.0.40219.1
Project("{FAE04EC0-301F-11D3-BF4B-00C04F79EFBC}") = "Shop", "Shop\Shop.csproj", "{1AB580F4-FCBF-4BC5-A63A-457ADAE9460F}"
EndProject
Project("{FAE04EC0-301F-11D3-BF4B-00C04F79EFBC}") = "Shop.Domain", "Shop.Domain\Shop.Domain.csproj", "{964D479E-FBA6-4BC6-A7BA-5B5B62055032}"
EndProject
Global
	GlobalSection(SolutionConfigurationPlatforms) = preSolution
		Debug|Any CPU = Debug|Any CPU
		Release|Any CPU = Release|Any CPU
	EndGlobalSection
	GlobalSection(ProjectConfigurationPlatforms) = postSolution
		{1AB580F4-FCBF-4BC5-A63A-457ADAE9460F}.Debug|Any CPU.ActiveCfg = Debug|Any CPU
		{1AB580F4-FCBF-4BC5-A63A-457ADAE9460F}.Debug|Any CPU.Build.0 = Debug|Any CPU
		{1AB580F4-FCBF-4BC5-A63A-457ADAE9460F}.Release|Any CPU.ActiveCfg = Release|Any CPU
		{1AB580F4-FCBF-4BC5-A63A-457ADAE9460F}.Release|Any CPU.Build.0 = Release|Any CPU
		{964D479E-FBA6-4BC6-A7BA-5B5B62055032}.Debug|Any CPU.ActiveCfg = Debug|Any CPU
		{964D479E-FBA6-4BC6-A7BA-5B5B62055032}.Debug|Any CPU.Build.0 = Debug|Any CPU
		{964D479E-FBA6-4BC6-A7BA-5B5B62055032}.Release|Any CPU.ActiveCfg = Release|Any CPU
		{964D479E-FBA6-4BC6-A7BA-5B5B62055032}.Release|Any CPU.Build.0 = Release|Any CPU
	EndGlobalSection
	GlobalSection(SolutionProperties) = preSolution
		HideSolutionNode = FALSE
	EndGlobalSection
	GlobalSection(ExtensibilityGlobals) = postSolution
		SolutionGuid = {52616512-472B-423A-A308-D42B23B476D0}
	EndGlobalSection
EndGlobal
